
Microsoft Visual Studio Solution File, Format Version 12.00
# Visual Studio Version 16
VisualStudioVersion = 16.0.32407.337
MinimumVisualStudioVersion = 10.0.40219.1
Project("{9A19103F-16F7-4668-BE54-9A1E7A4F7556}") = "skotstein.rs.rest.treemodel", "skotstein.rs.rest.treemodel.csproj", "{DAD21FFD-35D9-46F5-A059-D5B2E0D9DC63}"
EndProject
Project("{9A19103F-16F7-4668-BE54-9A1E7A4F7556}") = "skotstein.rs.rest.treemodel.openapi", "..\skotstein.rs.rest.treemodel.openapi\skotstein.rs.rest.treemodel.openapi.csproj", "{17FB301B-3A53-4D39-B9F8-BA7663117E9F}"
EndProject
Project("{9A19103F-16F7-4668-BE54-9A1E7A4F7556}") = "skotstein.rs.rest.treemodel.openapi.single", "..\skotstein.rs.rest.treemodel.openapi.single\skotstein.rs.rest.treemodel.openapi.single.csproj", "{9913DE07-AE55-4D9C-8565-A4020844E88E}"
EndProject
Project("{FAE04EC0-301F-11D3-BF4B-00C04F79EFBC}") = "skotstein.rs.rest.treemodel.openapi.bulk", "..\skotstein.rs.rest.treemodel.openapi.bulk\skotstein.rs.rest.treemodel.openapi.bulk.csproj", "{9F275599-0063-4218-8662-E56126950B3A}"
EndProject
Global
	GlobalSection(SolutionConfigurationPlatforms) = preSolution
		Debug|Any CPU = Debug|Any CPU
		Release|Any CPU = Release|Any CPU
	EndGlobalSection
	GlobalSection(ProjectConfigurationPlatforms) = postSolution
		{DAD21FFD-35D9-46F5-A059-D5B2E0D9DC63}.Debug|Any CPU.ActiveCfg = Debug|Any CPU
		{DAD21FFD-35D9-46F5-A059-D5B2E0D9DC63}.Debug|Any CPU.Build.0 = Debug|Any CPU
		{DAD21FFD-35D9-46F5-A059-D5B2E0D9DC63}.Release|Any CPU.ActiveCfg = Release|Any CPU
		{DAD21FFD-35D9-46F5-A059-D5B2E0D9DC63}.Release|Any CPU.Build.0 = Release|Any CPU
		{17FB301B-3A53-4D39-B9F8-BA7663117E9F}.Debug|Any CPU.ActiveCfg = Debug|Any CPU
		{17FB301B-3A53-4D39-B9F8-BA7663117E9F}.Debug|Any CPU.Build.0 = Debug|Any CPU
		{17FB301B-3A53-4D39-B9F8-BA7663117E9F}.Release|Any CPU.ActiveCfg = Release|Any CPU
		{17FB301B-3A53-4D39-B9F8-BA7663117E9F}.Release|Any CPU.Build.0 = Release|Any CPU
		{9913DE07-AE55-4D9C-8565-A4020844E88E}.Debug|Any CPU.ActiveCfg = Debug|Any CPU
		{9913DE07-AE55-4D9C-8565-A4020844E88E}.Debug|Any CPU.Build.0 = Debug|Any CPU
		{9913DE07-AE55-4D9C-8565-A4020844E88E}.Release|Any CPU.ActiveCfg = Release|Any CPU
		{9913DE07-AE55-4D9C-8565-A4020844E88E}.Release|Any CPU.Build.0 = Release|Any CPU
		{9F275599-0063-4218-8662-E56126950B3A}.Debug|Any CPU.ActiveCfg = Debug|Any CPU
		{9F275599-0063-4218-8662-E56126950B3A}.Debug|Any CPU.Build.0 = Debug|Any CPU
		{9F275599-0063-4218-8662-E56126950B3A}.Release|Any CPU.ActiveCfg = Release|Any CPU
		{9F275599-0063-4218-8662-E56126950B3A}.Release|Any CPU.Build.0 = Release|Any CPU
	EndGlobalSection
	GlobalSection(SolutionProperties) = preSolution
		HideSolutionNode = FALSE
	EndGlobalSection
	GlobalSection(ExtensibilityGlobals) = postSolution
		SolutionGuid = {BDB28864-CC4A-4671-B50B-8FF2C42DF29B}
	EndGlobalSection
EndGlobal
